
Microsoft Visual Studio Solution File, Format Version 12.00
# Visual Studio Version 17
VisualStudioVersion = 17.8.34408.163
MinimumVisualStudioVersion = 10.0.40219.1
Project("{FAE04EC0-301F-11D3-BF4B-00C04F79EFBC}") = "Foodie", "Foodie\Foodie.csproj", "{C7DE5106-BB2D-49F0-BEC5-345FA3ABD797}"
EndProject
Global
	GlobalSection(SolutionConfigurationPlatforms) = preSolution
		Debug|Any CPU = Debug|Any CPU
		Release|Any CPU = Release|Any CPU
	EndGlobalSection
	GlobalSection(ProjectConfigurationPlatforms) = postSolution
		{C7DE5106-BB2D-49F0-BEC5-345FA3ABD797}.Debug|Any CPU.ActiveCfg = Debug|Any CPU
		{C7DE5106-BB2D-49F0-BEC5-345FA3ABD797}.Debug|Any CPU.Build.0 = Debug|Any CPU
		{C7DE5106-BB2D-49F0-BEC5-345FA3ABD797}.Release|Any CPU.ActiveCfg = Release|Any CPU
		{C7DE5106-BB2D-49F0-BEC5-345FA3ABD797}.Release|Any CPU.Build.0 = Release|Any CPU
	EndGlobalSection
	GlobalSection(SolutionProperties) = preSolution
		HideSolutionNode = FALSE
	EndGlobalSection
	GlobalSection(ExtensibilityGlobals) = postSolution
		SolutionGuid = {5DF25A82-9CCD-43C8-96C9-79BB1F612F17}
	EndGlobalSection
EndGlobal
